// !$*UTF8*$!
{
	archiveVersion = 1;
	classes = {
	};
	objectVersion = 56;
	objects = {

/* Begin PBXBuildFile section */
		43291B0D2C2D3E60001F1E83 /* GRPCSwiftCertificate.swift in Sources */ = {isa = PBXBuildFile; fileRef = 43291B0C2C2D3E60001F1E83 /* GRPCSwiftCertificate.swift */; };
		43DCE1832BBBBB380047F75C /* main.swift in Sources */ = {isa = PBXBuildFile; fileRef = 43DCE1822BBBBB380047F75C /* main.swift */; };
		43DCE18B2BBBBB7E0047F75C /* GRPC in Frameworks */ = {isa = PBXBuildFile; productRef = 43DCE18A2BBBBB7E0047F75C /* GRPC */; };
		43DCE1942BBBBBE80047F75C /* EscrowManager.swift in Sources */ = {isa = PBXBuildFile; fileRef = 43DCE1932BBBBBE80047F75C /* EscrowManager.swift */; };
		43DCE19E2BC9C53F0047F75C /* DataflowFunctions.swift in Sources */ = {isa = PBXBuildFile; fileRef = 43DCE19C2BC9C4AC0047F75C /* DataflowFunctions.swift */; };
		43DCE1AA2BCA2F010047F75C /* run.proto in Sources */ = {isa = PBXBuildFile; fileRef = 43DCE1A72BCA2F010047F75C /* run.proto */; };
		43DCE1AB2BCA2F010047F75C /* run.grpc.swift in Sources */ = {isa = PBXBuildFile; fileRef = 43DCE1A82BCA2F010047F75C /* run.grpc.swift */; };
		43DCE1AC2BCA2F010047F75C /* run.pb.swift in Sources */ = {isa = PBXBuildFile; fileRef = 43DCE1A92BCA2F010047F75C /* run.pb.swift */; };
/* End PBXBuildFile section */

/* Begin PBXCopyFilesBuildPhase section */
		43DCE17D2BBBBB380047F75C /* CopyFiles */ = {
			isa = PBXCopyFilesBuildPhase;
			buildActionMask = 2147483647;
			dstPath = /usr/share/man/man1/;
			dstSubfolderSpec = 0;
			files = (
			);
			runOnlyForDeploymentPostprocessing = 1;
		};
/* End PBXCopyFilesBuildPhase section */

/* Begin PBXFileReference section */
		43291B0C2C2D3E60001F1E83 /* GRPCSwiftCertificate.swift */ = {isa = PBXFileReference; lastKnownFileType = sourcecode.swift; path = GRPCSwiftCertificate.swift; sourceTree = "<group>"; };
		43DCE17F2BBBBB380047F75C /* EscrowServer */ = {isa = PBXFileReference; explicitFileType = "compiled.mach-o.executable"; includeInIndex = 0; path = EscrowServer; sourceTree = BUILT_PRODUCTS_DIR; };
		43DCE1822BBBBB380047F75C /* main.swift */ = {isa = PBXFileReference; lastKnownFileType = sourcecode.swift; path = main.swift; sourceTree = "<group>"; };
		43DCE1932BBBBBE80047F75C /* EscrowManager.swift */ = {isa = PBXFileReference; fileEncoding = 4; lastKnownFileType = sourcecode.swift; path = EscrowManager.swift; sourceTree = "<group>"; };
		43DCE19C2BC9C4AC0047F75C /* DataflowFunctions.swift */ = {isa = PBXFileReference; lastKnownFileType = sourcecode.swift; path = DataflowFunctions.swift; sourceTree = "<group>"; };
		43DCE1A72BCA2F010047F75C /* run.proto */ = {isa = PBXFileReference; fileEncoding = 4; lastKnownFileType = sourcecode.protobuf; path = run.proto; sourceTree = "<group>"; };
		43DCE1A82BCA2F010047F75C /* run.grpc.swift */ = {isa = PBXFileReference; fileEncoding = 4; lastKnownFileType = sourcecode.swift; path = run.grpc.swift; sourceTree = "<group>"; };
		43DCE1A92BCA2F010047F75C /* run.pb.swift */ = {isa = PBXFileReference; fileEncoding = 4; lastKnownFileType = sourcecode.swift; path = run.pb.swift; sourceTree = "<group>"; };
/* End PBXFileReference section */

/* Begin PBXFrameworksBuildPhase section */
		43DCE17C2BBBBB380047F75C /* Frameworks */ = {
			isa = PBXFrameworksBuildPhase;
			buildActionMask = 2147483647;
			files = (
				43DCE18B2BBBBB7E0047F75C /* GRPC in Frameworks */,
			);
			runOnlyForDeploymentPostprocessing = 0;
		};
/* End PBXFrameworksBuildPhase section */

/* Begin PBXGroup section */
		43DCE1762BBBBB380047F75C = {
			isa = PBXGroup;
			children = (
				43291B0C2C2D3E60001F1E83 /* GRPCSwiftCertificate.swift */,
				43DCE19D2BC9C4AC0047F75C /* dataflow_functions */,
				43DCE1812BBBBB380047F75C /* EscrowServer */,
				43DCE1802BBBBB380047F75C /* Products */,
			);
			sourceTree = "<group>";
		};
		43DCE1802BBBBB380047F75C /* Products */ = {
			isa = PBXGroup;
			children = (
				43DCE17F2BBBBB380047F75C /* EscrowServer */,
			);
			name = Products;
			sourceTree = "<group>";
		};
		43DCE1812BBBBB380047F75C /* EscrowServer */ = {
			isa = PBXGroup;
			children = (
				43DCE1932BBBBBE80047F75C /* EscrowManager.swift */,
				43DCE18C2BBBBBB70047F75C /* proto */,
				43DCE1822BBBBB380047F75C /* main.swift */,
			);
			path = EscrowServer;
			sourceTree = "<group>";
		};
		43DCE18C2BBBBBB70047F75C /* proto */ = {
			isa = PBXGroup;
			children = (
				43DCE1A82BCA2F010047F75C /* run.grpc.swift */,
				43DCE1A92BCA2F010047F75C /* run.pb.swift */,
				43DCE1A72BCA2F010047F75C /* run.proto */,
			);
			path = proto;
			sourceTree = "<group>";
		};
		43DCE19D2BC9C4AC0047F75C /* dataflow_functions */ = {
			isa = PBXGroup;
			children = (
				43DCE19C2BC9C4AC0047F75C /* DataflowFunctions.swift */,
			);
			path = dataflow_functions;
			sourceTree = "<group>";
		};
/* End PBXGroup section */

/* Begin PBXNativeTarget section */
		43DCE17E2BBBBB380047F75C /* EscrowServer */ = {
			isa = PBXNativeTarget;
			buildConfigurationList = 43DCE1862BBBBB380047F75C /* Build configuration list for PBXNativeTarget "EscrowServer" */;
			buildPhases = (
				43DCE17B2BBBBB380047F75C /* Sources */,
				43DCE17C2BBBBB380047F75C /* Frameworks */,
				43DCE17D2BBBBB380047F75C /* CopyFiles */,
			);
			buildRules = (
			);
			dependencies = (
			);
			name = EscrowServer;
			packageProductDependencies = (
				43DCE18A2BBBBB7E0047F75C /* GRPC */,
			);
			productName = EscrowServer;
			productReference = 43DCE17F2BBBBB380047F75C /* EscrowServer */;
			productType = "com.apple.product-type.tool";
		};
/* End PBXNativeTarget section */

/* Begin PBXProject section */
		43DCE1772BBBBB380047F75C /* Project object */ = {
			isa = PBXProject;
			attributes = {
				BuildIndependentTargetsInParallel = 1;
				LastSwiftUpdateCheck = 1530;
				LastUpgradeCheck = 1530;
				TargetAttributes = {
					43DCE17E2BBBBB380047F75C = {
						CreatedOnToolsVersion = 15.3;
					};
				};
			};
			buildConfigurationList = 43DCE17A2BBBBB380047F75C /* Build configuration list for PBXProject "EscrowServer" */;
			compatibilityVersion = "Xcode 14.0";
			developmentRegion = en;
			hasScannedForEncodings = 0;
			knownRegions = (
				en,
				Base,
			);
			mainGroup = 43DCE1762BBBBB380047F75C;
			packageReferences = (
				43DCE1892BBBBB7E0047F75C /* XCRemoteSwiftPackageReference "grpc-swift" */,
			);
			productRefGroup = 43DCE1802BBBBB380047F75C /* Products */;
			projectDirPath = "";
			projectRoot = "";
			targets = (
				43DCE17E2BBBBB380047F75C /* EscrowServer */,
			);
		};
/* End PBXProject section */

/* Begin PBXSourcesBuildPhase section */
		43DCE17B2BBBBB380047F75C /* Sources */ = {
			isa = PBXSourcesBuildPhase;
			buildActionMask = 2147483647;
			files = (
				43DCE1AC2BCA2F010047F75C /* run.pb.swift in Sources */,
				43DCE1AA2BCA2F010047F75C /* run.proto in Sources */,
				43DCE19E2BC9C53F0047F75C /* DataflowFunctions.swift in Sources */,
				43291B0D2C2D3E60001F1E83 /* GRPCSwiftCertificate.swift in Sources */,
				43DCE1942BBBBBE80047F75C /* EscrowManager.swift in Sources */,
				43DCE1832BBBBB380047F75C /* main.swift in Sources */,
				43DCE1AB2BCA2F010047F75C /* run.grpc.swift in Sources */,
			);
			runOnlyForDeploymentPostprocessing = 0;
		};
/* End PBXSourcesBuildPhase section */

/* Begin XCBuildConfiguration section */
		43DCE1842BBBBB380047F75C /* Debug */ = {
			isa = XCBuildConfiguration;
			buildSettings = {
				ALWAYS_SEARCH_USER_PATHS = NO;
				ASSETCATALOG_COMPILER_GENERATE_SWIFT_ASSET_SYMBOL_EXTENSIONS = YES;
				CLANG_ANALYZER_NONNULL = YES;
				CLANG_ANALYZER_NUMBER_OBJECT_CONVERSION = YES_AGGRESSIVE;
				CLANG_CXX_LANGUAGE_STANDARD = "gnu++20";
				CLANG_ENABLE_MODULES = YES;
				CLANG_ENABLE_OBJC_ARC = YES;
				CLANG_ENABLE_OBJC_WEAK = YES;
				CLANG_WARN_BLOCK_CAPTURE_AUTORELEASING = YES;
				CLANG_WARN_BOOL_CONVERSION = YES;
				CLANG_WARN_COMMA = YES;
				CLANG_WARN_CONSTANT_CONVERSION = YES;
				CLANG_WARN_DEPRECATED_OBJC_IMPLEMENTATIONS = YES;
				CLANG_WARN_DIRECT_OBJC_ISA_USAGE = YES_ERROR;
				CLANG_WARN_DOCUMENTATION_COMMENTS = YES;
				CLANG_WARN_EMPTY_BODY = YES;
				CLANG_WARN_ENUM_CONVERSION = YES;
				CLANG_WARN_INFINITE_RECURSION = YES;
				CLANG_WARN_INT_CONVERSION = YES;
				CLANG_WARN_NON_LITERAL_NULL_CONVERSION = YES;
				CLANG_WARN_OBJC_IMPLICIT_RETAIN_SELF = YES;
				CLANG_WARN_OBJC_LITERAL_CONVERSION = YES;
				CLANG_WARN_OBJC_ROOT_CLASS = YES_ERROR;
				CLANG_WARN_QUOTED_INCLUDE_IN_FRAMEWORK_HEADER = YES;
				CLANG_WARN_RANGE_LOOP_ANALYSIS = YES;
				CLANG_WARN_STRICT_PROTOTYPES = YES;
				CLANG_WARN_SUSPICIOUS_MOVE = YES;
				CLANG_WARN_UNGUARDED_AVAILABILITY = YES_AGGRESSIVE;
				CLANG_WARN_UNREACHABLE_CODE = YES;
				CLANG_WARN__DUPLICATE_METHOD_MATCH = YES;
				COPY_PHASE_STRIP = NO;
				DEBUG_INFORMATION_FORMAT = dwarf;
				ENABLE_STRICT_OBJC_MSGSEND = YES;
				ENABLE_TESTABILITY = YES;
				ENABLE_USER_SCRIPT_SANDBOXING = YES;
				GCC_C_LANGUAGE_STANDARD = gnu17;
				GCC_DYNAMIC_NO_PIC = NO;
				GCC_NO_COMMON_BLOCKS = YES;
				GCC_OPTIMIZATION_LEVEL = 0;
				GCC_PREPROCESSOR_DEFINITIONS = (
					"DEBUG=1",
					"$(inherited)",
				);
				GCC_WARN_64_TO_32_BIT_CONVERSION = YES;
				GCC_WARN_ABOUT_RETURN_TYPE = YES_ERROR;
				GCC_WARN_UNDECLARED_SELECTOR = YES;
				GCC_WARN_UNINITIALIZED_AUTOS = YES_AGGRESSIVE;
				GCC_WARN_UNUSED_FUNCTION = YES;
				GCC_WARN_UNUSED_VARIABLE = YES;
				LOCALIZATION_PREFERS_STRING_CATALOGS = YES;
				MACOSX_DEPLOYMENT_TARGET = 14.4;
				MTL_ENABLE_DEBUG_INFO = INCLUDE_SOURCE;
				MTL_FAST_MATH = YES;
				ONLY_ACTIVE_ARCH = YES;
				SDKROOT = macosx;
				SWIFT_ACTIVE_COMPILATION_CONDITIONS = "DEBUG $(inherited)";
				SWIFT_OPTIMIZATION_LEVEL = "-Onone";
			};
			name = Debug;
		};
		43DCE1852BBBBB380047F75C /* Release */ = {
			isa = XCBuildConfiguration;
			buildSettings = {
				ALWAYS_SEARCH_USER_PATHS = NO;
				ASSETCATALOG_COMPILER_GENERATE_SWIFT_ASSET_SYMBOL_EXTENSIONS = YES;
				CLANG_ANALYZER_NONNULL = YES;
				CLANG_ANALYZER_NUMBER_OBJECT_CONVERSION = YES_AGGRESSIVE;
				CLANG_CXX_LANGUAGE_STANDARD = "gnu++20";
				CLANG_ENABLE_MODULES = YES;
				CLANG_ENABLE_OBJC_ARC = YES;
				CLANG_ENABLE_OBJC_WEAK = YES;
				CLANG_WARN_BLOCK_CAPTURE_AUTORELEASING = YES;
				CLANG_WARN_BOOL_CONVERSION = YES;
				CLANG_WARN_COMMA = YES;
				CLANG_WARN_CONSTANT_CONVERSION = YES;
				CLANG_WARN_DEPRECATED_OBJC_IMPLEMENTATIONS = YES;
				CLANG_WARN_DIRECT_OBJC_ISA_USAGE = YES_ERROR;
				CLANG_WARN_DOCUMENTATION_COMMENTS = YES;
				CLANG_WARN_EMPTY_BODY = YES;
				CLANG_WARN_ENUM_CONVERSION = YES;
				CLANG_WARN_INFINITE_RECURSION = YES;
				CLANG_WARN_INT_CONVERSION = YES;
				CLANG_WARN_NON_LITERAL_NULL_CONVERSION = YES;
				CLANG_WARN_OBJC_IMPLICIT_RETAIN_SELF = YES;
				CLANG_WARN_OBJC_LITERAL_CONVERSION = YES;
				CLANG_WARN_OBJC_ROOT_CLASS = YES_ERROR;
				CLANG_WARN_QUOTED_INCLUDE_IN_FRAMEWORK_HEADER = YES;
				CLANG_WARN_RANGE_LOOP_ANALYSIS = YES;
				CLANG_WARN_STRICT_PROTOTYPES = YES;
				CLANG_WARN_SUSPICIOUS_MOVE = YES;
				CLANG_WARN_UNGUARDED_AVAILABILITY = YES_AGGRESSIVE;
				CLANG_WARN_UNREACHABLE_CODE = YES;
				CLANG_WARN__DUPLICATE_METHOD_MATCH = YES;
				COPY_PHASE_STRIP = NO;
				DEBUG_INFORMATION_FORMAT = "dwarf-with-dsym";
				ENABLE_NS_ASSERTIONS = NO;
				ENABLE_STRICT_OBJC_MSGSEND = YES;
				ENABLE_USER_SCRIPT_SANDBOXING = YES;
				GCC_C_LANGUAGE_STANDARD = gnu17;
				GCC_NO_COMMON_BLOCKS = YES;
				GCC_WARN_64_TO_32_BIT_CONVERSION = YES;
				GCC_WARN_ABOUT_RETURN_TYPE = YES_ERROR;
				GCC_WARN_UNDECLARED_SELECTOR = YES;
				GCC_WARN_UNINITIALIZED_AUTOS = YES_AGGRESSIVE;
				GCC_WARN_UNUSED_FUNCTION = YES;
				GCC_WARN_UNUSED_VARIABLE = YES;
				LOCALIZATION_PREFERS_STRING_CATALOGS = YES;
				MACOSX_DEPLOYMENT_TARGET = 14.4;
				MTL_ENABLE_DEBUG_INFO = NO;
				MTL_FAST_MATH = YES;
				SDKROOT = macosx;
				SWIFT_COMPILATION_MODE = wholemodule;
			};
			name = Release;
		};
		43DCE1872BBBBB380047F75C /* Debug */ = {
			isa = XCBuildConfiguration;
			buildSettings = {
				CODE_SIGN_STYLE = Automatic;
				DEVELOPMENT_TEAM = 3D7CL937LY;
				ENABLE_HARDENED_RUNTIME = YES;
				PRODUCT_NAME = "$(TARGET_NAME)";
				SWIFT_VERSION = 5.0;
			};
			name = Debug;
		};
		43DCE1882BBBBB380047F75C /* Release */ = {
			isa = XCBuildConfiguration;
			buildSettings = {
				CODE_SIGN_STYLE = Automatic;
				DEVELOPMENT_TEAM = 3D7CL937LY;
				ENABLE_HARDENED_RUNTIME = YES;
				PRODUCT_NAME = "$(TARGET_NAME)";
				SWIFT_VERSION = 5.0;
			};
			name = Release;
		};
/* End XCBuildConfiguration section */

/* Begin XCConfigurationList section */
		43DCE17A2BBBBB380047F75C /* Build configuration list for PBXProject "EscrowServer" */ = {
			isa = XCConfigurationList;
			buildConfigurations = (
				43DCE1842BBBBB380047F75C /* Debug */,
				43DCE1852BBBBB380047F75C /* Release */,
			);
			defaultConfigurationIsVisible = 0;
			defaultConfigurationName = Release;
		};
		43DCE1862BBBBB380047F75C /* Build configuration list for PBXNativeTarget "EscrowServer" */ = {
			isa = XCConfigurationList;
			buildConfigurations = (
				43DCE1872BBBBB380047F75C /* Debug */,
				43DCE1882BBBBB380047F75C /* Release */,
			);
			defaultConfigurationIsVisible = 0;
			defaultConfigurationName = Release;
		};
/* End XCConfigurationList section */

/* Begin XCRemoteSwiftPackageReference section */
		43DCE1892BBBBB7E0047F75C /* XCRemoteSwiftPackageReference "grpc-swift" */ = {
			isa = XCRemoteSwiftPackageReference;
			repositoryURL = "https://github.com/grpc/grpc-swift.git";
			requirement = {
				kind = upToNextMajorVersion;
				minimumVersion = 1.21.1;
			};
		};
/* End XCRemoteSwiftPackageReference section */

/* Begin XCSwiftPackageProductDependency section */
		43DCE18A2BBBBB7E0047F75C /* GRPC */ = {
			isa = XCSwiftPackageProductDependency;
			package = 43DCE1892BBBBB7E0047F75C /* XCRemoteSwiftPackageReference "grpc-swift" */;
			productName = GRPC;
		};
/* End XCSwiftPackageProductDependency section */
	};
	rootObject = 43DCE1772BBBBB380047F75C /* Project object */;
}
